
Microsoft Visual Studio Solution File, Format Version 12.00
# Visual Studio 14
VisualStudioVersion = 14.0.25123.0
MinimumVisualStudioVersion = 10.0.40219.1
Project("{FAE04EC0-301F-11D3-BF4B-00C04F79EFBC}") = "ChessboardDynamicApp.Droid", "ChessboardDynamicApp\ChessboardDynamicApp.Droid\ChessboardDynamicApp.Droid.csproj", "{25334FA9-7B04-4C6C-94F1-192BFB907DD9}"
EndProject
Project("{FAE04EC0-301F-11D3-BF4B-00C04F79EFBC}") = "ChessboardDynamicApp.iOS", "ChessboardDynamicApp\ChessboardDynamicApp.iOS\ChessboardDynamicApp.iOS.csproj", "{57D9FACA-543A-4617-8AFF-58DBA701FC2A}"
EndProject
Project("{FAE04EC0-301F-11D3-BF4B-00C04F79EFBC}") = "ChessboardDynamicApp.WinPhone", "ChessboardDynamicApp\ChessboardDynamicApp.WinPhone\ChessboardDynamicApp.WinPhone.csproj", "{EB273FD2-F6B3-496F-9DB0-99F2FEF49FC1}"
EndProject
Project("{FAE04EC0-301F-11D3-BF4B-00C04F79EFBC}") = "ChessboardDynamicApp.UWP", "ChessboardDynamicApp\ChessboardDynamicApp.UWP\ChessboardDynamicApp.UWP.csproj", "{981626FB-123D-4FAB-944A-3B49F8BF54A0}"
EndProject
Project("{FAE04EC0-301F-11D3-BF4B-00C04F79EFBC}") = "ChessboardDynamicApp.Windows", "ChessboardDynamicApp\ChessboardDynamicApp.Windows\ChessboardDynamicApp.Windows.csproj", "{99C3735D-2F09-4C29-A9F7-5FCE3471A503}"
EndProject
Project("{FAE04EC0-301F-11D3-BF4B-00C04F79EFBC}") = "ChessboardDynamicApp", "ChessboardDynamicApp\ChessboardDynamicApp\ChessboardDynamicApp.csproj", "{6A7F4DFB-E8FA-4560-A8F2-037DD3C95B98}"
EndProject
Global
	GlobalSection(SolutionConfigurationPlatforms) = preSolution
		Ad-Hoc|Any CPU = Ad-Hoc|Any CPU
		Ad-Hoc|ARM = Ad-Hoc|ARM
		Ad-Hoc|iPhone = Ad-Hoc|iPhone
		Ad-Hoc|iPhoneSimulator = Ad-Hoc|iPhoneSimulator
		Ad-Hoc|x64 = Ad-Hoc|x64
		Ad-Hoc|x86 = Ad-Hoc|x86
		AppStore|Any CPU = AppStore|Any CPU
		AppStore|ARM = AppStore|ARM
		AppStore|iPhone = AppStore|iPhone
		AppStore|iPhoneSimulator = AppStore|iPhoneSimulator
		AppStore|x64 = AppStore|x64
		AppStore|x86 = AppStore|x86
		Debug|Any CPU = Debug|Any CPU
		Debug|ARM = Debug|ARM
		Debug|iPhone = Debug|iPhone
		Debug|iPhoneSimulator = Debug|iPhoneSimulator
		Debug|x64 = Debug|x64
		Debug|x86 = Debug|x86
		Release|Any CPU = Release|Any CPU
		Release|ARM = Release|ARM
		Release|iPhone = Release|iPhone
		Release|iPhoneSimulator = Release|iPhoneSimulator
		Release|x64 = Release|x64
		Release|x86 = Release|x86
	EndGlobalSection
	GlobalSection(ProjectConfigurationPlatforms) = postSolution
		{25334FA9-7B04-4C6C-94F1-192BFB907DD9}.Ad-Hoc|Any CPU.ActiveCfg = Release|Any CPU
		{25334FA9-7B04-4C6C-94F1-192BFB907DD9}.Ad-Hoc|Any CPU.Build.0 = Release|Any CPU
		{25334FA9-7B04-4C6C-94F1-192BFB907DD9}.Ad-Hoc|Any CPU.Deploy.0 = Release|Any CPU
		{25334FA9-7B04-4C6C-94F1-192BFB907DD9}.Ad-Hoc|ARM.ActiveCfg = Release|Any CPU
		{25334FA9-7B04-4C6C-94F1-192BFB907DD9}.Ad-Hoc|ARM.Build.0 = Release|Any CPU
		{25334FA9-7B04-4C6C-94F1-192BFB907DD9}.Ad-Hoc|ARM.Deploy.0 = Release|Any CPU
		{25334FA9-7B04-4C6C-94F1-192BFB907DD9}.Ad-Hoc|iPhone.ActiveCfg = Release|Any CPU
		{25334FA9-7B04-4C6C-94F1-192BFB907DD9}.Ad-Hoc|iPhone.Build.0 = Release|Any CPU
		{25334FA9-7B04-4C6C-94F1-192BFB907DD9}.Ad-Hoc|iPhone.Deploy.0 = Release|Any CPU
		{25334FA9-7B04-4C6C-94F1-192BFB907DD9}.Ad-Hoc|iPhoneSimulator.ActiveCfg = Release|Any CPU
		{25334FA9-7B04-4C6C-94F1-192BFB907DD9}.Ad-Hoc|iPhoneSimulator.Build.0 = Release|Any CPU
		{25334FA9-7B04-4C6C-94F1-192BFB907DD9}.Ad-Hoc|iPhoneSimulator.Deploy.0 = Release|Any CPU
		{25334FA9-7B04-4C6C-94F1-192BFB907DD9}.Ad-Hoc|x64.ActiveCfg = Release|Any CPU
		{25334FA9-7B04-4C6C-94F1-192BFB907DD9}.Ad-Hoc|x64.Build.0 = Release|Any CPU
		{25334FA9-7B04-4C6C-94F1-192BFB907DD9}.Ad-Hoc|x64.Deploy.0 = Release|Any CPU
		{25334FA9-7B04-4C6C-94F1-192BFB907DD9}.Ad-Hoc|x86.ActiveCfg = Release|Any CPU
		{25334FA9-7B04-4C6C-94F1-192BFB907DD9}.Ad-Hoc|x86.Build.0 = Release|Any CPU
		{25334FA9-7B04-4C6C-94F1-192BFB907DD9}.Ad-Hoc|x86.Deploy.0 = Release|Any CPU
		{25334FA9-7B04-4C6C-94F1-192BFB907DD9}.AppStore|Any CPU.ActiveCfg = Release|Any CPU
		{25334FA9-7B04-4C6C-94F1-192BFB907DD9}.AppStore|Any CPU.Build.0 = Release|Any CPU
		{25334FA9-7B04-4C6C-94F1-192BFB907DD9}.AppStore|Any CPU.Deploy.0 = Release|Any CPU
		{25334FA9-7B04-4C6C-94F1-192BFB907DD9}.AppStore|ARM.ActiveCfg = Release|Any CPU
		{25334FA9-7B04-4C6C-94F1-192BFB907DD9}.AppStore|ARM.Build.0 = Release|Any CPU
		{25334FA9-7B04-4C6C-94F1-192BFB907DD9}.AppStore|ARM.Deploy.0 = Release|Any CPU
		{25334FA9-7B04-4C6C-94F1-192BFB907DD9}.AppStore|iPhone.ActiveCfg = Release|Any CPU
		{25334FA9-7B04-4C6C-94F1-192BFB907DD9}.AppStore|iPhone.Build.0 = Release|Any CPU
		{25334FA9-7B04-4C6C-94F1-192BFB907DD9}.AppStore|iPhone.Deploy.0 = Release|Any CPU
		{25334FA9-7B04-4C6C-94F1-192BFB907DD9}.AppStore|iPhoneSimulator.ActiveCfg = Release|Any CPU
		{25334FA9-7B04-4C6C-94F1-192BFB907DD9}.AppStore|iPhoneSimulator.Build.0 = Release|Any CPU
		{25334FA9-7B04-4C6C-94F1-192BFB907DD9}.AppStore|iPhoneSimulator.Deploy.0 = Release|Any CPU
		{25334FA9-7B04-4C6C-94F1-192BFB907DD9}.AppStore|x64.ActiveCfg = Release|Any CPU
		{25334FA9-7B04-4C6C-94F1-192BFB907DD9}.AppStore|x64.Build.0 = Release|Any CPU
		{25334FA9-7B04-4C6C-94F1-192BFB907DD9}.AppStore|x64.Deploy.0 = Release|Any CPU
		{25334FA9-7B04-4C6C-94F1-192BFB907DD9}.AppStore|x86.ActiveCfg = Release|Any CPU
		{25334FA9-7B04-4C6C-94F1-192BFB907DD9}.AppStore|x86.Build.0 = Release|Any CPU
		{25334FA9-7B04-4C6C-94F1-192BFB907DD9}.AppStore|x86.Deploy.0 = Release|Any CPU
		{25334FA9-7B04-4C6C-94F1-192BFB907DD9}.Debug|Any CPU.ActiveCfg = Debug|Any CPU
		{25334FA9-7B04-4C6C-94F1-192BFB907DD9}.Debug|Any CPU.Build.0 = Debug|Any CPU
		{25334FA9-7B04-4C6C-94F1-192BFB907DD9}.Debug|Any CPU.Deploy.0 = Debug|Any CPU
		{25334FA9-7B04-4C6C-94F1-192BFB907DD9}.Debug|ARM.ActiveCfg = Debug|Any CPU
		{25334FA9-7B04-4C6C-94F1-192BFB907DD9}.Debug|ARM.Build.0 = Debug|Any CPU
		{25334FA9-7B04-4C6C-94F1-192BFB907DD9}.Debug|ARM.Deploy.0 = Debug|Any CPU
		{25334FA9-7B04-4C6C-94F1-192BFB907DD9}.Debug|iPhone.ActiveCfg = Debug|Any CPU
		{25334FA9-7B04-4C6C-94F1-192BFB907DD9}.Debug|iPhone.Build.0 = Debug|Any CPU
		{25334FA9-7B04-4C6C-94F1-192BFB907DD9}.Debug|iPhone.Deploy.0 = Debug|Any CPU
		{25334FA9-7B04-4C6C-94F1-192BFB907DD9}.Debug|iPhoneSimulator.ActiveCfg = Debug|Any CPU
		{25334FA9-7B04-4C6C-94F1-192BFB907DD9}.Debug|iPhoneSimulator.Build.0 = Debug|Any CPU
		{25334FA9-7B04-4C6C-94F1-192BFB907DD9}.Debug|iPhoneSimulator.Deploy.0 = Debug|Any CPU
		{25334FA9-7B04-4C6C-94F1-192BFB907DD9}.Debug|x64.ActiveCfg = Debug|Any CPU
		{25334FA9-7B04-4C6C-94F1-192BFB907DD9}.Debug|x64.Build.0 = Debug|Any CPU
		{25334FA9-7B04-4C6C-94F1-192BFB907DD9}.Debug|x64.Deploy.0 = Debug|Any CPU
		{25334FA9-7B04-4C6C-94F1-192BFB907DD9}.Debug|x86.ActiveCfg = Debug|Any CPU
		{25334FA9-7B04-4C6C-94F1-192BFB907DD9}.Debug|x86.Build.0 = Debug|Any CPU
		{25334FA9-7B04-4C6C-94F1-192BFB907DD9}.Debug|x86.Deploy.0 = Debug|Any CPU
		{25334FA9-7B04-4C6C-94F1-192BFB907DD9}.Release|Any CPU.ActiveCfg = Release|Any CPU
		{25334FA9-7B04-4C6C-94F1-192BFB907DD9}.Release|Any CPU.Build.0 = Release|Any CPU
		{25334FA9-7B04-4C6C-94F1-192BFB907DD9}.Release|Any CPU.Deploy.0 = Release|Any CPU
		{25334FA9-7B04-4C6C-94F1-192BFB907DD9}.Release|ARM.ActiveCfg = Release|Any CPU
		{25334FA9-7B04-4C6C-94F1-192BFB907DD9}.Release|ARM.Build.0 = Release|Any CPU
		{25334FA9-7B04-4C6C-94F1-192BFB907DD9}.Release|ARM.Deploy.0 = Release|Any CPU
		{25334FA9-7B04-4C6C-94F1-192BFB907DD9}.Release|iPhone.ActiveCfg = Release|Any CPU
		{25334FA9-7B04-4C6C-94F1-192BFB907DD9}.Release|iPhone.Build.0 = Release|Any CPU
		{25334FA9-7B04-4C6C-94F1-192BFB907DD9}.Release|iPhone.Deploy.0 = Release|Any CPU
		{25334FA9-7B04-4C6C-94F1-192BFB907DD9}.Release|iPhoneSimulator.ActiveCfg = Release|Any CPU
		{25334FA9-7B04-4C6C-94F1-192BFB907DD9}.Release|iPhoneSimulator.Build.0 = Release|Any CPU
		{25334FA9-7B04-4C6C-94F1-192BFB907DD9}.Release|iPhoneSimulator.Deploy.0 = Release|Any CPU
		{25334FA9-7B04-4C6C-94F1-192BFB907DD9}.Release|x64.ActiveCfg = Release|Any CPU
		{25334FA9-7B04-4C6C-94F1-192BFB907DD9}.Release|x64.Build.0 = Release|Any CPU
		{25334FA9-7B04-4C6C-94F1-192BFB907DD9}.Release|x64.Deploy.0 = Release|Any CPU
		{25334FA9-7B04-4C6C-94F1-192BFB907DD9}.Release|x86.ActiveCfg = Release|Any CPU
		{25334FA9-7B04-4C6C-94F1-192BFB907DD9}.Release|x86.Build.0 = Release|Any CPU
		{25334FA9-7B04-4C6C-94F1-192BFB907DD9}.Release|x86.Deploy.0 = Release|Any CPU
		{57D9FACA-543A-4617-8AFF-58DBA701FC2A}.Ad-Hoc|Any CPU.ActiveCfg = Ad-Hoc|iPhone
		{57D9FACA-543A-4617-8AFF-58DBA701FC2A}.Ad-Hoc|ARM.ActiveCfg = Ad-Hoc|iPhone
		{57D9FACA-543A-4617-8AFF-58DBA701FC2A}.Ad-Hoc|iPhone.ActiveCfg = Ad-Hoc|iPhone
		{57D9FACA-543A-4617-8AFF-58DBA701FC2A}.Ad-Hoc|iPhone.Build.0 = Ad-Hoc|iPhone
		{57D9FACA-543A-4617-8AFF-58DBA701FC2A}.Ad-Hoc|iPhoneSimulator.ActiveCfg = Ad-Hoc|iPhoneSimulator
		{57D9FACA-543A-4617-8AFF-58DBA701FC2A}.Ad-Hoc|iPhoneSimulator.Build.0 = Ad-Hoc|iPhoneSimulator
		{57D9FACA-543A-4617-8AFF-58DBA701FC2A}.Ad-Hoc|x64.ActiveCfg = Ad-Hoc|iPhone
		{57D9FACA-543A-4617-8AFF-58DBA701FC2A}.Ad-Hoc|x86.ActiveCfg = Ad-Hoc|iPhone
		{57D9FACA-543A-4617-8AFF-58DBA701FC2A}.AppStore|Any CPU.ActiveCfg = AppStore|iPhone
		{57D9FACA-543A-4617-8AFF-58DBA701FC2A}.AppStore|ARM.ActiveCfg = AppStore|iPhone
		{57D9FACA-543A-4617-8AFF-58DBA701FC2A}.AppStore|iPhone.ActiveCfg = AppStore|iPhone
		{57D9FACA-543A-4617-8AFF-58DBA701FC2A}.AppStore|iPhone.Build.0 = AppStore|iPhone
		{57D9FACA-543A-4617-8AFF-58DBA701FC2A}.AppStore|iPhoneSimulator.ActiveCfg = AppStore|iPhoneSimulator
		{57D9FACA-543A-4617-8AFF-58DBA701FC2A}.AppStore|iPhoneSimulator.Build.0 = AppStore|iPhoneSimulator
		{57D9FACA-543A-4617-8AFF-58DBA701FC2A}.AppStore|x64.ActiveCfg = AppStore|iPhone
		{57D9FACA-543A-4617-8AFF-58DBA701FC2A}.AppStore|x86.ActiveCfg = AppStore|iPhone
		{57D9FACA-543A-4617-8AFF-58DBA701FC2A}.Debug|Any CPU.ActiveCfg = Debug|iPhone
		{57D9FACA-543A-4617-8AFF-58DBA701FC2A}.Debug|Any CPU.Build.0 = Debug|iPhone
		{57D9FACA-543A-4617-8AFF-58DBA701FC2A}.Debug|Any CPU.Deploy.0 = Debug|iPhone
		{57D9FACA-543A-4617-8AFF-58DBA701FC2A}.Debug|ARM.ActiveCfg = Debug|iPhone
		{57D9FACA-543A-4617-8AFF-58DBA701FC2A}.Debug|iPhone.ActiveCfg = Debug|iPhone
		{57D9FACA-543A-4617-8AFF-58DBA701FC2A}.Debug|iPhone.Build.0 = Debug|iPhone
		{57D9FACA-543A-4617-8AFF-58DBA701FC2A}.Debug|iPhoneSimulator.ActiveCfg = Debug|iPhoneSimulator
		{57D9FACA-543A-4617-8AFF-58DBA701FC2A}.Debug|iPhoneSimulator.Build.0 = Debug|iPhoneSimulator
		{57D9FACA-543A-4617-8AFF-58DBA701FC2A}.Debug|x64.ActiveCfg = Debug|iPhone
		{57D9FACA-543A-4617-8AFF-58DBA701FC2A}.Debug|x86.ActiveCfg = Debug|iPhone
		{57D9FACA-543A-4617-8AFF-58DBA701FC2A}.Release|Any CPU.ActiveCfg = Release|iPhone
		{57D9FACA-543A-4617-8AFF-58DBA701FC2A}.Release|ARM.ActiveCfg = Release|iPhone
		{57D9FACA-543A-4617-8AFF-58DBA701FC2A}.Release|iPhone.ActiveCfg = Release|iPhone
		{57D9FACA-543A-4617-8AFF-58DBA701FC2A}.Release|iPhone.Build.0 = Release|iPhone
		{57D9FACA-543A-4617-8AFF-58DBA701FC2A}.Release|iPhoneSimulator.ActiveCfg = Release|iPhoneSimulator
		{57D9FACA-543A-4617-8AFF-58DBA701FC2A}.Release|iPhoneSimulator.Build.0 = Release|iPhoneSimulator
		{57D9FACA-543A-4617-8AFF-58DBA701FC2A}.Release|x64.ActiveCfg = Release|iPhone
		{57D9FACA-543A-4617-8AFF-58DBA701FC2A}.Release|x86.ActiveCfg = Release|iPhone
		{EB273FD2-F6B3-496F-9DB0-99F2FEF49FC1}.Ad-Hoc|Any CPU.ActiveCfg = Release|Any CPU
		{EB273FD2-F6B3-496F-9DB0-99F2FEF49FC1}.Ad-Hoc|Any CPU.Build.0 = Release|Any CPU
		{EB273FD2-F6B3-496F-9DB0-99F2FEF49FC1}.Ad-Hoc|Any CPU.Deploy.0 = Release|Any CPU
		{EB273FD2-F6B3-496F-9DB0-99F2FEF49FC1}.Ad-Hoc|ARM.ActiveCfg = Release|ARM
		{EB273FD2-F6B3-496F-9DB0-99F2FEF49FC1}.Ad-Hoc|ARM.Build.0 = Release|ARM
		{EB273FD2-F6B3-496F-9DB0-99F2FEF49FC1}.Ad-Hoc|ARM.Deploy.0 = Release|ARM
		{EB273FD2-F6B3-496F-9DB0-99F2FEF49FC1}.Ad-Hoc|iPhone.ActiveCfg = Release|Any CPU
		{EB273FD2-F6B3-496F-9DB0-99F2FEF49FC1}.Ad-Hoc|iPhone.Build.0 = Release|Any CPU
		{EB273FD2-F6B3-496F-9DB0-99F2FEF49FC1}.Ad-Hoc|iPhone.Deploy.0 = Release|Any CPU
		{EB273FD2-F6B3-496F-9DB0-99F2FEF49FC1}.Ad-Hoc|iPhoneSimulator.ActiveCfg = Release|Any CPU
		{EB273FD2-F6B3-496F-9DB0-99F2FEF49FC1}.Ad-Hoc|iPhoneSimulator.Build.0 = Release|Any CPU
		{EB273FD2-F6B3-496F-9DB0-99F2FEF49FC1}.Ad-Hoc|iPhoneSimulator.Deploy.0 = Release|Any CPU
		{EB273FD2-F6B3-496F-9DB0-99F2FEF49FC1}.Ad-Hoc|x64.ActiveCfg = Release|Any CPU
		{EB273FD2-F6B3-496F-9DB0-99F2FEF49FC1}.Ad-Hoc|x64.Build.0 = Release|Any CPU
		{EB273FD2-F6B3-496F-9DB0-99F2FEF49FC1}.Ad-Hoc|x64.Deploy.0 = Release|Any CPU
		{EB273FD2-F6B3-496F-9DB0-99F2FEF49FC1}.Ad-Hoc|x86.ActiveCfg = Release|x86
		{EB273FD2-F6B3-496F-9DB0-99F2FEF49FC1}.Ad-Hoc|x86.Build.0 = Release|x86
		{EB273FD2-F6B3-496F-9DB0-99F2FEF49FC1}.Ad-Hoc|x86.Deploy.0 = Release|x86
		{EB273FD2-F6B3-496F-9DB0-99F2FEF49FC1}.AppStore|Any CPU.ActiveCfg = Release|Any CPU
		{EB273FD2-F6B3-496F-9DB0-99F2FEF49FC1}.AppStore|Any CPU.Build.0 = Release|Any CPU
		{EB273FD2-F6B3-496F-9DB0-99F2FEF49FC1}.AppStore|Any CPU.Deploy.0 = Release|Any CPU
		{EB273FD2-F6B3-496F-9DB0-99F2FEF49FC1}.AppStore|ARM.ActiveCfg = Release|ARM
		{EB273FD2-F6B3-496F-9DB0-99F2FEF49FC1}.AppStore|ARM.Build.0 = Release|ARM
		{EB273FD2-F6B3-496F-9DB0-99F2FEF49FC1}.AppStore|ARM.Deploy.0 = Release|ARM
		{EB273FD2-F6B3-496F-9DB0-99F2FEF49FC1}.AppStore|iPhone.ActiveCfg = Release|Any CPU
		{EB273FD2-F6B3-496F-9DB0-99F2FEF49FC1}.AppStore|iPhone.Build.0 = Release|Any CPU
		{EB273FD2-F6B3-496F-9DB0-99F2FEF49FC1}.AppStore|iPhone.Deploy.0 = Release|Any CPU
		{EB273FD2-F6B3-496F-9DB0-99F2FEF49FC1}.AppStore|iPhoneSimulator.ActiveCfg = Release|Any CPU
		{EB273FD2-F6B3-496F-9DB0-99F2FEF49FC1}.AppStore|iPhoneSimulator.Build.0 = Release|Any CPU
		{EB273FD2-F6B3-496F-9DB0-99F2FEF49FC1}.AppStore|iPhoneSimulator.Deploy.0 = Release|Any CPU
		{EB273FD2-F6B3-496F-9DB0-99F2FEF49FC1}.AppStore|x64.ActiveCfg = Release|Any CPU
		{EB273FD2-F6B3-496F-9DB0-99F2FEF49FC1}.AppStore|x64.Build.0 = Release|Any CPU
		{EB273FD2-F6B3-496F-9DB0-99F2FEF49FC1}.AppStore|x64.Deploy.0 = Release|Any CPU
		{EB273FD2-F6B3-496F-9DB0-99F2FEF49FC1}.AppStore|x86.ActiveCfg = Release|x86
		{EB273FD2-F6B3-496F-9DB0-99F2FEF49FC1}.AppStore|x86.Build.0 = Release|x86
		{EB273FD2-F6B3-496F-9DB0-99F2FEF49FC1}.AppStore|x86.Deploy.0 = Release|x86
		{EB273FD2-F6B3-496F-9DB0-99F2FEF49FC1}.Debug|Any CPU.ActiveCfg = Debug|x86
		{EB273FD2-F6B3-496F-9DB0-99F2FEF49FC1}.Debug|Any CPU.Build.0 = Debug|x86
		{EB273FD2-F6B3-496F-9DB0-99F2FEF49FC1}.Debug|Any CPU.Deploy.0 = Debug|x86
		{EB273FD2-F6B3-496F-9DB0-99F2FEF49FC1}.Debug|ARM.ActiveCfg = Debug|ARM
		{EB273FD2-F6B3-496F-9DB0-99F2FEF49FC1}.Debug|ARM.Build.0 = Debug|ARM
		{EB273FD2-F6B3-496F-9DB0-99F2FEF49FC1}.Debug|ARM.Deploy.0 = Debug|ARM
		{EB273FD2-F6B3-496F-9DB0-99F2FEF49FC1}.Debug|iPhone.ActiveCfg = Debug|Any CPU
		{EB273FD2-F6B3-496F-9DB0-99F2FEF49FC1}.Debug|iPhone.Build.0 = Debug|Any CPU
		{EB273FD2-F6B3-496F-9DB0-99F2FEF49FC1}.Debug|iPhone.Deploy.0 = Debug|Any CPU
		{EB273FD2-F6B3-496F-9DB0-99F2FEF49FC1}.Debug|iPhoneSimulator.ActiveCfg = Debug|Any CPU
		{EB273FD2-F6B3-496F-9DB0-99F2FEF49FC1}.Debug|iPhoneSimulator.Build.0 = Debug|Any CPU
		{EB273FD2-F6B3-496F-9DB0-99F2FEF49FC1}.Debug|iPhoneSimulator.Deploy.0 = Debug|Any CPU
		{EB273FD2-F6B3-496F-9DB0-99F2FEF49FC1}.Debug|x64.ActiveCfg = Debug|Any CPU
		{EB273FD2-F6B3-496F-9DB0-99F2FEF49FC1}.Debug|x64.Build.0 = Debug|Any CPU
		{EB273FD2-F6B3-496F-9DB0-99F2FEF49FC1}.Debug|x64.Deploy.0 = Debug|Any CPU
		{EB273FD2-F6B3-496F-9DB0-99F2FEF49FC1}.Debug|x86.ActiveCfg = Debug|x86
		{EB273FD2-F6B3-496F-9DB0-99F2FEF49FC1}.Debug|x86.Build.0 = Debug|x86
		{EB273FD2-F6B3-496F-9DB0-99F2FEF49FC1}.Debug|x86.Deploy.0 = Debug|x86
		{EB273FD2-F6B3-496F-9DB0-99F2FEF49FC1}.Release|Any CPU.ActiveCfg = Release|Any CPU
		{EB273FD2-F6B3-496F-9DB0-99F2FEF49FC1}.Release|Any CPU.Build.0 = Release|Any CPU
		{EB273FD2-F6B3-496F-9DB0-99F2FEF49FC1}.Release|Any CPU.Deploy.0 = Release|Any CPU
		{EB273FD2-F6B3-496F-9DB0-99F2FEF49FC1}.Release|ARM.ActiveCfg = Release|ARM
		{EB273FD2-F6B3-496F-9DB0-99F2FEF49FC1}.Release|ARM.Build.0 = Release|ARM
		{EB273FD2-F6B3-496F-9DB0-99F2FEF49FC1}.Release|ARM.Deploy.0 = Release|ARM
		{EB273FD2-F6B3-496F-9DB0-99F2FEF49FC1}.Release|iPhone.ActiveCfg = Release|Any CPU
		{EB273FD2-F6B3-496F-9DB0-99F2FEF49FC1}.Release|iPhone.Build.0 = Release|Any CPU
		{EB273FD2-F6B3-496F-9DB0-99F2FEF49FC1}.Release|iPhone.Deploy.0 = Release|Any CPU
		{EB273FD2-F6B3-496F-9DB0-99F2FEF49FC1}.Release|iPhoneSimulator.ActiveCfg = Release|Any CPU
		{EB273FD2-F6B3-496F-9DB0-99F2FEF49FC1}.Release|iPhoneSimulator.Build.0 = Release|Any CPU
		{EB273FD2-F6B3-496F-9DB0-99F2FEF49FC1}.Release|iPhoneSimulator.Deploy.0 = Release|Any CPU
		{EB273FD2-F6B3-496F-9DB0-99F2FEF49FC1}.Release|x64.ActiveCfg = Release|Any CPU
		{EB273FD2-F6B3-496F-9DB0-99F2FEF49FC1}.Release|x64.Build.0 = Release|Any CPU
		{EB273FD2-F6B3-496F-9DB0-99F2FEF49FC1}.Release|x64.Deploy.0 = Release|Any CPU
		{EB273FD2-F6B3-496F-9DB0-99F2FEF49FC1}.Release|x86.ActiveCfg = Release|x86
		{EB273FD2-F6B3-496F-9DB0-99F2FEF49FC1}.Release|x86.Build.0 = Release|x86
		{EB273FD2-F6B3-496F-9DB0-99F2FEF49FC1}.Release|x86.Deploy.0 = Release|x86
		{981626FB-123D-4FAB-944A-3B49F8BF54A0}.Ad-Hoc|Any CPU.ActiveCfg = Release|x86
		{981626FB-123D-4FAB-944A-3B49F8BF54A0}.Ad-Hoc|Any CPU.Build.0 = Release|x86
		{981626FB-123D-4FAB-944A-3B49F8BF54A0}.Ad-Hoc|Any CPU.Deploy.0 = Release|x86
		{981626FB-123D-4FAB-944A-3B49F8BF54A0}.Ad-Hoc|ARM.ActiveCfg = Release|ARM
		{981626FB-123D-4FAB-944A-3B49F8BF54A0}.Ad-Hoc|ARM.Build.0 = Release|ARM
		{981626FB-123D-4FAB-944A-3B49F8BF54A0}.Ad-Hoc|ARM.Deploy.0 = Release|ARM
		{981626FB-123D-4FAB-944A-3B49F8BF54A0}.Ad-Hoc|iPhone.ActiveCfg = Release|x86
		{981626FB-123D-4FAB-944A-3B49F8BF54A0}.Ad-Hoc|iPhone.Build.0 = Release|x86
		{981626FB-123D-4FAB-944A-3B49F8BF54A0}.Ad-Hoc|iPhone.Deploy.0 = Release|x86
		{981626FB-123D-4FAB-944A-3B49F8BF54A0}.Ad-Hoc|iPhoneSimulator.ActiveCfg = Release|x86
		{981626FB-123D-4FAB-944A-3B49F8BF54A0}.Ad-Hoc|iPhoneSimulator.Build.0 = Release|x86
		{981626FB-123D-4FAB-944A-3B49F8BF54A0}.Ad-Hoc|iPhoneSimulator.Deploy.0 = Release|x86
		{981626FB-123D-4FAB-944A-3B49F8BF54A0}.Ad-Hoc|x64.ActiveCfg = Release|x64
		{981626FB-123D-4FAB-944A-3B49F8BF54A0}.Ad-Hoc|x64.Build.0 = Release|x64
		{981626FB-123D-4FAB-944A-3B49F8BF54A0}.Ad-Hoc|x64.Deploy.0 = Release|x64
		{981626FB-123D-4FAB-944A-3B49F8BF54A0}.Ad-Hoc|x86.ActiveCfg = Release|x86
		{981626FB-123D-4FAB-944A-3B49F8BF54A0}.Ad-Hoc|x86.Build.0 = Release|x86
		{981626FB-123D-4FAB-944A-3B49F8BF54A0}.Ad-Hoc|x86.Deploy.0 = Release|x86
		{981626FB-123D-4FAB-944A-3B49F8BF54A0}.AppStore|Any CPU.ActiveCfg = Release|x86
		{981626FB-123D-4FAB-944A-3B49F8BF54A0}.AppStore|Any CPU.Build.0 = Release|x86
		{981626FB-123D-4FAB-944A-3B49F8BF54A0}.AppStore|Any CPU.Deploy.0 = Release|x86
		{981626FB-123D-4FAB-944A-3B49F8BF54A0}.AppStore|ARM.ActiveCfg = Release|ARM
		{981626FB-123D-4FAB-944A-3B49F8BF54A0}.AppStore|ARM.Build.0 = Release|ARM
		{981626FB-123D-4FAB-944A-3B49F8BF54A0}.AppStore|ARM.Deploy.0 = Release|ARM
		{981626FB-123D-4FAB-944A-3B49F8BF54A0}.AppStore|iPhone.ActiveCfg = Release|x86
		{981626FB-123D-4FAB-944A-3B49F8BF54A0}.AppStore|iPhone.Build.0 = Release|x86
		{981626FB-123D-4FAB-944A-3B49F8BF54A0}.AppStore|iPhone.Deploy.0 = Release|x86
		{981626FB-123D-4FAB-944A-3B49F8BF54A0}.AppStore|iPhoneSimulator.ActiveCfg = Release|x86
		{981626FB-123D-4FAB-944A-3B49F8BF54A0}.AppStore|iPhoneSimulator.Build.0 = Release|x86
		{981626FB-123D-4FAB-944A-3B49F8BF54A0}.AppStore|iPhoneSimulator.Deploy.0 = Release|x86
		{981626FB-123D-4FAB-944A-3B49F8BF54A0}.AppStore|x64.ActiveCfg = Release|x64
		{981626FB-123D-4FAB-944A-3B49F8BF54A0}.AppStore|x64.Build.0 = Release|x64
		{981626FB-123D-4FAB-944A-3B49F8BF54A0}.AppStore|x64.Deploy.0 = Release|x64
		{981626FB-123D-4FAB-944A-3B49F8BF54A0}.AppStore|x86.ActiveCfg = Release|x86
		{981626FB-123D-4FAB-944A-3B49F8BF54A0}.AppStore|x86.Build.0 = Release|x86
		{981626FB-123D-4FAB-944A-3B49F8BF54A0}.AppStore|x86.Deploy.0 = Release|x86
		{981626FB-123D-4FAB-944A-3B49F8BF54A0}.Debug|Any CPU.ActiveCfg = Debug|x86
		{981626FB-123D-4FAB-944A-3B49F8BF54A0}.Debug|Any CPU.Build.0 = Debug|x86
		{981626FB-123D-4FAB-944A-3B49F8BF54A0}.Debug|Any CPU.Deploy.0 = Debug|x86
		{981626FB-123D-4FAB-944A-3B49F8BF54A0}.Debug|ARM.ActiveCfg = Debug|ARM
		{981626FB-123D-4FAB-944A-3B49F8BF54A0}.Debug|ARM.Build.0 = Debug|ARM
		{981626FB-123D-4FAB-944A-3B49F8BF54A0}.Debug|ARM.Deploy.0 = Debug|ARM
		{981626FB-123D-4FAB-944A-3B49F8BF54A0}.Debug|iPhone.ActiveCfg = Debug|x86
		{981626FB-123D-4FAB-944A-3B49F8BF54A0}.Debug|iPhoneSimulator.ActiveCfg = Debug|x86
		{981626FB-123D-4FAB-944A-3B49F8BF54A0}.Debug|x64.ActiveCfg = Debug|x64
		{981626FB-123D-4FAB-944A-3B49F8BF54A0}.Debug|x64.Build.0 = Debug|x64
		{981626FB-123D-4FAB-944A-3B49F8BF54A0}.Debug|x64.Deploy.0 = Debug|x64
		{981626FB-123D-4FAB-944A-3B49F8BF54A0}.Debug|x86.ActiveCfg = Debug|x86
		{981626FB-123D-4FAB-944A-3B49F8BF54A0}.Debug|x86.Build.0 = Debug|x86
		{981626FB-123D-4FAB-944A-3B49F8BF54A0}.Debug|x86.Deploy.0 = Debug|x86
		{981626FB-123D-4FAB-944A-3B49F8BF54A0}.Release|Any CPU.ActiveCfg = Release|x86
		{981626FB-123D-4FAB-944A-3B49F8BF54A0}.Release|ARM.ActiveCfg = Release|ARM
		{981626FB-123D-4FAB-944A-3B49F8BF54A0}.Release|ARM.Build.0 = Release|ARM
		{981626FB-123D-4FAB-944A-3B49F8BF54A0}.Release|ARM.Deploy.0 = Release|ARM
		{981626FB-123D-4FAB-944A-3B49F8BF54A0}.Release|iPhone.ActiveCfg = Release|x86
		{981626FB-123D-4FAB-944A-3B49F8BF54A0}.Release|iPhoneSimulator.ActiveCfg = Release|x86
		{981626FB-123D-4FAB-944A-3B49F8BF54A0}.Release|x64.ActiveCfg = Release|x64
		{981626FB-123D-4FAB-944A-3B49F8BF54A0}.Release|x64.Build.0 = Release|x64
		{981626FB-123D-4FAB-944A-3B49F8BF54A0}.Release|x64.Deploy.0 = Release|x64
		{981626FB-123D-4FAB-944A-3B49F8BF54A0}.Release|x86.ActiveCfg = Release|x86
		{981626FB-123D-4FAB-944A-3B49F8BF54A0}.Release|x86.Build.0 = Release|x86
		{981626FB-123D-4FAB-944A-3B49F8BF54A0}.Release|x86.Deploy.0 = Release|x86
		{99C3735D-2F09-4C29-A9F7-5FCE3471A503}.Ad-Hoc|Any CPU.ActiveCfg = Release|Any CPU
		{99C3735D-2F09-4C29-A9F7-5FCE3471A503}.Ad-Hoc|Any CPU.Build.0 = Release|Any CPU
		{99C3735D-2F09-4C29-A9F7-5FCE3471A503}.Ad-Hoc|Any CPU.Deploy.0 = Release|Any CPU
		{99C3735D-2F09-4C29-A9F7-5FCE3471A503}.Ad-Hoc|ARM.ActiveCfg = Release|ARM
		{99C3735D-2F09-4C29-A9F7-5FCE3471A503}.Ad-Hoc|ARM.Build.0 = Release|ARM
		{99C3735D-2F09-4C29-A9F7-5FCE3471A503}.Ad-Hoc|ARM.Deploy.0 = Release|ARM
		{99C3735D-2F09-4C29-A9F7-5FCE3471A503}.Ad-Hoc|iPhone.ActiveCfg = Release|Any CPU
		{99C3735D-2F09-4C29-A9F7-5FCE3471A503}.Ad-Hoc|iPhone.Build.0 = Release|Any CPU
		{99C3735D-2F09-4C29-A9F7-5FCE3471A503}.Ad-Hoc|iPhone.Deploy.0 = Release|Any CPU
		{99C3735D-2F09-4C29-A9F7-5FCE3471A503}.Ad-Hoc|iPhoneSimulator.ActiveCfg = Release|Any CPU
		{99C3735D-2F09-4C29-A9F7-5FCE3471A503}.Ad-Hoc|iPhoneSimulator.Build.0 = Release|Any CPU
		{99C3735D-2F09-4C29-A9F7-5FCE3471A503}.Ad-Hoc|iPhoneSimulator.Deploy.0 = Release|Any CPU
		{99C3735D-2F09-4C29-A9F7-5FCE3471A503}.Ad-Hoc|x64.ActiveCfg = Release|x64
		{99C3735D-2F09-4C29-A9F7-5FCE3471A503}.Ad-Hoc|x64.Build.0 = Release|x64
		{99C3735D-2F09-4C29-A9F7-5FCE3471A503}.Ad-Hoc|x64.Deploy.0 = Release|x64
		{99C3735D-2F09-4C29-A9F7-5FCE3471A503}.Ad-Hoc|x86.ActiveCfg = Release|x86
		{99C3735D-2F09-4C29-A9F7-5FCE3471A503}.Ad-Hoc|x86.Build.0 = Release|x86
		{99C3735D-2F09-4C29-A9F7-5FCE3471A503}.Ad-Hoc|x86.Deploy.0 = Release|x86
		{99C3735D-2F09-4C29-A9F7-5FCE3471A503}.AppStore|Any CPU.ActiveCfg = Release|Any CPU
		{99C3735D-2F09-4C29-A9F7-5FCE3471A503}.AppStore|Any CPU.Build.0 = Release|Any CPU
		{99C3735D-2F09-4C29-A9F7-5FCE3471A503}.AppStore|Any CPU.Deploy.0 = Release|Any CPU
		{99C3735D-2F09-4C29-A9F7-5FCE3471A503}.AppStore|ARM.ActiveCfg = Release|ARM
		{99C3735D-2F09-4C29-A9F7-5FCE3471A503}.AppStore|ARM.Build.0 = Release|ARM
		{99C3735D-2F09-4C29-A9F7-5FCE3471A503}.AppStore|ARM.Deploy.0 = Release|ARM
		{99C3735D-2F09-4C29-A9F7-5FCE3471A503}.AppStore|iPhone.ActiveCfg = Release|Any CPU
		{99C3735D-2F09-4C29-A9F7-5FCE3471A503}.AppStore|iPhone.Build.0 = Release|Any CPU
		{99C3735D-2F09-4C29-A9F7-5FCE3471A503}.AppStore|iPhone.Deploy.0 = Release|Any CPU
		{99C3735D-2F09-4C29-A9F7-5FCE3471A503}.AppStore|iPhoneSimulator.ActiveCfg = Release|Any CPU
		{99C3735D-2F09-4C29-A9F7-5FCE3471A503}.AppStore|iPhoneSimulator.Build.0 = Release|Any CPU
		{99C3735D-2F09-4C29-A9F7-5FCE3471A503}.AppStore|iPhoneSimulator.Deploy.0 = Release|Any CPU
		{99C3735D-2F09-4C29-A9F7-5FCE3471A503}.AppStore|x64.ActiveCfg = Release|x64
		{99C3735D-2F09-4C29-A9F7-5FCE3471A503}.AppStore|x64.Build.0 = Release|x64
		{99C3735D-2F09-4C29-A9F7-5FCE3471A503}.AppStore|x64.Deploy.0 = Release|x64
		{99C3735D-2F09-4C29-A9F7-5FCE3471A503}.AppStore|x86.ActiveCfg = Release|x86
		{99C3735D-2F09-4C29-A9F7-5FCE3471A503}.AppStore|x86.Build.0 = Release|x86
		{99C3735D-2F09-4C29-A9F7-5FCE3471A503}.AppStore|x86.Deploy.0 = Release|x86
		{99C3735D-2F09-4C29-A9F7-5FCE3471A503}.Debug|Any CPU.ActiveCfg = Debug|Any CPU
		{99C3735D-2F09-4C29-A9F7-5FCE3471A503}.Debug|Any CPU.Build.0 = Debug|Any CPU
		{99C3735D-2F09-4C29-A9F7-5FCE3471A503}.Debug|Any CPU.Deploy.0 = Debug|Any CPU
		{99C3735D-2F09-4C29-A9F7-5FCE3471A503}.Debug|ARM.ActiveCfg = Debug|ARM
		{99C3735D-2F09-4C29-A9F7-5FCE3471A503}.Debug|ARM.Build.0 = Debug|ARM
		{99C3735D-2F09-4C29-A9F7-5FCE3471A503}.Debug|ARM.Deploy.0 = Debug|ARM
		{99C3735D-2F09-4C29-A9F7-5FCE3471A503}.Debug|iPhone.ActiveCfg = Debug|Any CPU
		{99C3735D-2F09-4C29-A9F7-5FCE3471A503}.Debug|iPhone.Build.0 = Debug|Any CPU
		{99C3735D-2F09-4C29-A9F7-5FCE3471A503}.Debug|iPhone.Deploy.0 = Debug|Any CPU
		{99C3735D-2F09-4C29-A9F7-5FCE3471A503}.Debug|iPhoneSimulator.ActiveCfg = Debug|Any CPU
		{99C3735D-2F09-4C29-A9F7-5FCE3471A503}.Debug|iPhoneSimulator.Build.0 = Debug|Any CPU
		{99C3735D-2F09-4C29-A9F7-5FCE3471A503}.Debug|iPhoneSimulator.Deploy.0 = Debug|Any CPU
		{99C3735D-2F09-4C29-A9F7-5FCE3471A503}.Debug|x64.ActiveCfg = Debug|x64
		{99C3735D-2F09-4C29-A9F7-5FCE3471A503}.Debug|x64.Build.0 = Debug|x64
		{99C3735D-2F09-4C29-A9F7-5FCE3471A503}.Debug|x64.Deploy.0 = Debug|x64
		{99C3735D-2F09-4C29-A9F7-5FCE3471A503}.Debug|x86.ActiveCfg = Debug|x86
		{99C3735D-2F09-4C29-A9F7-5FCE3471A503}.Debug|x86.Build.0 = Debug|x86
		{99C3735D-2F09-4C29-A9F7-5FCE3471A503}.Debug|x86.Deploy.0 = Debug|x86
		{99C3735D-2F09-4C29-A9F7-5FCE3471A503}.Release|Any CPU.ActiveCfg = Release|Any CPU
		{99C3735D-2F09-4C29-A9F7-5FCE3471A503}.Release|Any CPU.Build.0 = Release|Any CPU
		{99C3735D-2F09-4C29-A9F7-5FCE3471A503}.Release|Any CPU.Deploy.0 = Release|Any CPU
		{99C3735D-2F09-4C29-A9F7-5FCE3471A503}.Release|ARM.ActiveCfg = Release|ARM
		{99C3735D-2F09-4C29-A9F7-5FCE3471A503}.Release|ARM.Build.0 = Release|ARM
		{99C3735D-2F09-4C29-A9F7-5FCE3471A503}.Release|ARM.Deploy.0 = Release|ARM
		{99C3735D-2F09-4C29-A9F7-5FCE3471A503}.Release|iPhone.ActiveCfg = Release|Any CPU
		{99C3735D-2F09-4C29-A9F7-5FCE3471A503}.Release|iPhone.Build.0 = Release|Any CPU
		{99C3735D-2F09-4C29-A9F7-5FCE3471A503}.Release|iPhone.Deploy.0 = Release|Any CPU
		{99C3735D-2F09-4C29-A9F7-5FCE3471A503}.Release|iPhoneSimulator.ActiveCfg = Release|Any CPU
		{99C3735D-2F09-4C29-A9F7-5FCE3471A503}.Release|iPhoneSimulator.Build.0 = Release|Any CPU
		{99C3735D-2F09-4C29-A9F7-5FCE3471A503}.Release|iPhoneSimulator.Deploy.0 = Release|Any CPU
		{99C3735D-2F09-4C29-A9F7-5FCE3471A503}.Release|x64.ActiveCfg = Release|x64
		{99C3735D-2F09-4C29-A9F7-5FCE3471A503}.Release|x64.Build.0 = Release|x64
		{99C3735D-2F09-4C29-A9F7-5FCE3471A503}.Release|x64.Deploy.0 = Release|x64
		{99C3735D-2F09-4C29-A9F7-5FCE3471A503}.Release|x86.ActiveCfg = Release|x86
		{99C3735D-2F09-4C29-A9F7-5FCE3471A503}.Release|x86.Build.0 = Release|x86
		{99C3735D-2F09-4C29-A9F7-5FCE3471A503}.Release|x86.Deploy.0 = Release|x86
		{6A7F4DFB-E8FA-4560-A8F2-037DD3C95B98}.Ad-Hoc|Any CPU.ActiveCfg = Release|Any CPU
		{6A7F4DFB-E8FA-4560-A8F2-037DD3C95B98}.Ad-Hoc|Any CPU.Build.0 = Release|Any CPU
		{6A7F4DFB-E8FA-4560-A8F2-037DD3C95B98}.Ad-Hoc|ARM.ActiveCfg = Release|Any CPU
		{6A7F4DFB-E8FA-4560-A8F2-037DD3C95B98}.Ad-Hoc|ARM.Build.0 = Release|Any CPU
		{6A7F4DFB-E8FA-4560-A8F2-037DD3C95B98}.Ad-Hoc|iPhone.ActiveCfg = Release|Any CPU
		{6A7F4DFB-E8FA-4560-A8F2-037DD3C95B98}.Ad-Hoc|iPhone.Build.0 = Release|Any CPU
		{6A7F4DFB-E8FA-4560-A8F2-037DD3C95B98}.Ad-Hoc|iPhoneSimulator.ActiveCfg = Release|Any CPU
		{6A7F4DFB-E8FA-4560-A8F2-037DD3C95B98}.Ad-Hoc|iPhoneSimulator.Build.0 = Release|Any CPU
		{6A7F4DFB-E8FA-4560-A8F2-037DD3C95B98}.Ad-Hoc|x64.ActiveCfg = Release|Any CPU
		{6A7F4DFB-E8FA-4560-A8F2-037DD3C95B98}.Ad-Hoc|x64.Build.0 = Release|Any CPU
		{6A7F4DFB-E8FA-4560-A8F2-037DD3C95B98}.Ad-Hoc|x86.ActiveCfg = Release|Any CPU
		{6A7F4DFB-E8FA-4560-A8F2-037DD3C95B98}.Ad-Hoc|x86.Build.0 = Release|Any CPU
		{6A7F4DFB-E8FA-4560-A8F2-037DD3C95B98}.AppStore|Any CPU.ActiveCfg = Release|Any CPU
		{6A7F4DFB-E8FA-4560-A8F2-037DD3C95B98}.AppStore|Any CPU.Build.0 = Release|Any CPU
		{6A7F4DFB-E8FA-4560-A8F2-037DD3C95B98}.AppStore|ARM.ActiveCfg = Release|Any CPU
		{6A7F4DFB-E8FA-4560-A8F2-037DD3C95B98}.AppStore|ARM.Build.0 = Release|Any CPU
		{6A7F4DFB-E8FA-4560-A8F2-037DD3C95B98}.AppStore|iPhone.ActiveCfg = Release|Any CPU
		{6A7F4DFB-E8FA-4560-A8F2-037DD3C95B98}.AppStore|iPhone.Build.0 = Release|Any CPU
		{6A7F4DFB-E8FA-4560-A8F2-037DD3C95B98}.AppStore|iPhoneSimulator.ActiveCfg = Release|Any CPU
		{6A7F4DFB-E8FA-4560-A8F2-037DD3C95B98}.AppStore|iPhoneSimulator.Build.0 = Release|Any CPU
		{6A7F4DFB-E8FA-4560-A8F2-037DD3C95B98}.AppStore|x64.ActiveCfg = Release|Any CPU
		{6A7F4DFB-E8FA-4560-A8F2-037DD3C95B98}.AppStore|x64.Build.0 = Release|Any CPU
		{6A7F4DFB-E8FA-4560-A8F2-037DD3C95B98}.AppStore|x86.ActiveCfg = Release|Any CPU
		{6A7F4DFB-E8FA-4560-A8F2-037DD3C95B98}.AppStore|x86.Build.0 = Release|Any CPU
		{6A7F4DFB-E8FA-4560-A8F2-037DD3C95B98}.Debug|Any CPU.ActiveCfg = Debug|Any CPU
		{6A7F4DFB-E8FA-4560-A8F2-037DD3C95B98}.Debug|Any CPU.Build.0 = Debug|Any CPU
		{6A7F4DFB-E8FA-4560-A8F2-037DD3C95B98}.Debug|Any CPU.Deploy.0 = Debug|Any CPU
		{6A7F4DFB-E8FA-4560-A8F2-037DD3C95B98}.Debug|ARM.ActiveCfg = Debug|Any CPU
		{6A7F4DFB-E8FA-4560-A8F2-037DD3C95B98}.Debug|ARM.Build.0 = Debug|Any CPU
		{6A7F4DFB-E8FA-4560-A8F2-037DD3C95B98}.Debug|iPhone.ActiveCfg = Debug|Any CPU
		{6A7F4DFB-E8FA-4560-A8F2-037DD3C95B98}.Debug|iPhone.Build.0 = Debug|Any CPU
		{6A7F4DFB-E8FA-4560-A8F2-037DD3C95B98}.Debug|iPhoneSimulator.ActiveCfg = Debug|Any CPU
		{6A7F4DFB-E8FA-4560-A8F2-037DD3C95B98}.Debug|iPhoneSimulator.Build.0 = Debug|Any CPU
		{6A7F4DFB-E8FA-4560-A8F2-037DD3C95B98}.Debug|x64.ActiveCfg = Debug|Any CPU
		{6A7F4DFB-E8FA-4560-A8F2-037DD3C95B98}.Debug|x64.Build.0 = Debug|Any CPU
		{6A7F4DFB-E8FA-4560-A8F2-037DD3C95B98}.Debug|x86.ActiveCfg = Debug|Any CPU
		{6A7F4DFB-E8FA-4560-A8F2-037DD3C95B98}.Debug|x86.Build.0 = Debug|Any CPU
		{6A7F4DFB-E8FA-4560-A8F2-037DD3C95B98}.Release|Any CPU.ActiveCfg = Release|Any CPU
		{6A7F4DFB-E8FA-4560-A8F2-037DD3C95B98}.Release|Any CPU.Build.0 = Release|Any CPU
		{6A7F4DFB-E8FA-4560-A8F2-037DD3C95B98}.Release|ARM.ActiveCfg = Release|Any CPU
		{6A7F4DFB-E8FA-4560-A8F2-037DD3C95B98}.Release|ARM.Build.0 = Release|Any CPU
		{6A7F4DFB-E8FA-4560-A8F2-037DD3C95B98}.Release|iPhone.ActiveCfg = Release|Any CPU
		{6A7F4DFB-E8FA-4560-A8F2-037DD3C95B98}.Release|iPhone.Build.0 = Release|Any CPU
		{6A7F4DFB-E8FA-4560-A8F2-037DD3C95B98}.Release|iPhoneSimulator.ActiveCfg = Release|Any CPU
		{6A7F4DFB-E8FA-4560-A8F2-037DD3C95B98}.Release|iPhoneSimulator.Build.0 = Release|Any CPU
		{6A7F4DFB-E8FA-4560-A8F2-037DD3C95B98}.Release|x64.ActiveCfg = Release|Any CPU
		{6A7F4DFB-E8FA-4560-A8F2-037DD3C95B98}.Release|x64.Build.0 = Release|Any CPU
		{6A7F4DFB-E8FA-4560-A8F2-037DD3C95B98}.Release|x86.ActiveCfg = Release|Any CPU
		{6A7F4DFB-E8FA-4560-A8F2-037DD3C95B98}.Release|x86.Build.0 = Release|Any CPU
	EndGlobalSection
	GlobalSection(SolutionProperties) = preSolution
		HideSolutionNode = FALSE
	EndGlobalSection
EndGlobal
